
Microsoft Visual Studio Solution File, Format Version 12.00
# Visual Studio Version 16
VisualStudioVersion = 16.0.32228.343
MinimumVisualStudioVersion = 10.0.40219.1
Project("{FAE04EC0-301F-11D3-BF4B-00C04F79EFBC}") = "BasicsOfCSharp", "ConsoleApp1\BasicsOfCSharp.csproj", "{72213EDD-BFAA-43D2-AB2D-699C4919B6B6}"
EndProject
Project("{FAE04EC0-301F-11D3-BF4B-00C04F79EFBC}") = "DSA", "DSA\DSA.csproj", "{33A5AC1E-84BE-4E7C-A72A-E44159D2B3DF}"
EndProject
Global
	GlobalSection(SolutionConfigurationPlatforms) = preSolution
		Debug|Any CPU = Debug|Any CPU
		Release|Any CPU = Release|Any CPU
	EndGlobalSection
	GlobalSection(ProjectConfigurationPlatforms) = postSolution
		{72213EDD-BFAA-43D2-AB2D-699C4919B6B6}.Debug|Any CPU.ActiveCfg = Debug|Any CPU
		{72213EDD-BFAA-43D2-AB2D-699C4919B6B6}.Debug|Any CPU.Build.0 = Debug|Any CPU
		{72213EDD-BFAA-43D2-AB2D-699C4919B6B6}.Release|Any CPU.ActiveCfg = Release|Any CPU
		{72213EDD-BFAA-43D2-AB2D-699C4919B6B6}.Release|Any CPU.Build.0 = Release|Any CPU
		{33A5AC1E-84BE-4E7C-A72A-E44159D2B3DF}.Debug|Any CPU.ActiveCfg = Debug|Any CPU
		{33A5AC1E-84BE-4E7C-A72A-E44159D2B3DF}.Debug|Any CPU.Build.0 = Debug|Any CPU
		{33A5AC1E-84BE-4E7C-A72A-E44159D2B3DF}.Release|Any CPU.ActiveCfg = Release|Any CPU
		{33A5AC1E-84BE-4E7C-A72A-E44159D2B3DF}.Release|Any CPU.Build.0 = Release|Any CPU
	EndGlobalSection
	GlobalSection(SolutionProperties) = preSolution
		HideSolutionNode = FALSE
	EndGlobalSection
	GlobalSection(ExtensibilityGlobals) = postSolution
		SolutionGuid = {3F69398C-8391-417C-88B4-4B49299D51D1}
	EndGlobalSection
EndGlobal
